PODS:
  - Alamofire (4.4.0)
  - ALDataRequestView/Core (2.3.0):
    - PureLayout
    - ReachabilitySwift (~> 3)
  - ALDataRequestView/ReactiveCocoa (2.3.0):
    - ALDataRequestView/Core
    - ReactiveSwift
  - ALReactiveCocoaExtension (4.1.1):
    - Moya (~> 8.0.0)
    - ReactiveSwift
  - JASON (3.1)
  - Moya (8.0.3):
    - Moya/Core (= 8.0.3)
  - Moya-JASONMapper (2.2.0):
    - Moya-JASONMapper/Core (= 2.2.0)
  - Moya-JASONMapper/Core (2.2.0):
    - JASON
    - Moya (~> 8.0.0)
  - Moya-JASONMapper/ReactiveSwift (2.2.0):
    - Moya-JASONMapper/Core
    - Moya/ReactiveSwift
    - ReactiveSwift
  - Moya/Core (8.0.3):
    - Alamofire (~> 4.1)
    - Result (~> 3.0)
  - Moya/ReactiveCocoa (8.0.3):
    - Moya/ReactiveSwift
  - Moya/ReactiveSwift (8.0.3):
    - Moya/Core
    - ReactiveSwift (~> 1.0)
  - Nuke (5.1)
  - PureLayout (3.0.2)
  - ReachabilitySwift (3)
  - ReactiveCocoa (5.0.1):
    - ReactiveSwift (~> 1.1)
  - ReactiveSwift (1.1.0):
    - Result (~> 3.1)
  - Result (3.2.1)
  - RxCocoa (3.3.1):
    - RxSwift (~> 3.3)
  - RxSwift (3.3.1)

DEPENDENCIES:
  - ALDataRequestView/ReactiveCocoa
  - ALReactiveCocoaExtension
  - Moya-JASONMapper
  - Moya-JASONMapper/ReactiveSwift (= 2.2.0)
  - Moya/ReactiveCocoa
  - Nuke
  - ReactiveCocoa
  - ReactiveSwift
  - RxCocoa
  - RxSwift

SPEC CHECKSUMS:
  Alamofire: dc44b1600b800eb63da6a19039a0083d62a6a62d
  ALDataRequestView: 4b9d528e6cb20003bce43067ed5ee6c580b789f5
  ALReactiveCocoaExtension: 333d6cd35623725b2c81c65e24acdf0fa5dc18f0
  JASON: c1204b01c9979eef35b6948ca939aac5e7bef081
  Moya: d3721622e3cc0cc2f038d69a258686f0b66e7252
  Moya-JASONMapper: 6e289a800f9850710543a905a614afa607d415a1
  Nuke: 8ab71e77f6a54ff5fb697f93537c35f419bb01f7
  PureLayout: 4d550abe49a94f24c2808b9b95db9131685fe4cd
  ReachabilitySwift: f5b9bb30a0777fac8f09ce8b067e32faeb29bb64
  ReactiveCocoa: f577006aa6c7b0b08020109ebaae3b77ada00adc
  ReactiveSwift: 2f4e4a02e5a5c87ea63f5fe667163ce2a67cbb57
  Result: 2453a22e5c5b11c0c3a478736e82cd02f763b781
  RxCocoa: 7dcb7a1860fc9cd0e23dae67ab105fc2916670b6
  RxSwift: 8fc9f2de6275a9101d518444e00bf32f1a42caac

PODFILE CHECKSUM: 940b9ee005a5e06a471fe55bbf9937b81d61ae18

COCOAPODS: 1.2.0
